// !$*UTF8*$!
{
	archiveVersion = 1;
	classes = {
	};
	objectVersion = 56;
	objects = {

/* Begin PBXBuildFile section */
		176NR0IARIFIQ3254GINB84H /* FirebaseService.swift in Sources */ = {isa = PBXBuildFile; fileRef = Z9F4EBURYK8MGO8HNYB8OU5E /* FirebaseService.swift */; };
		44704F552E7E0ABA0058A421 /* Alamofire in Frameworks */ = {isa = PBXBuildFile; productRef = 44704F542E7E0ABA0058A421 /* Alamofire */; };
		44704F592E7E0AC70058A421 /* APIService.swift in Sources */ = {isa = PBXBuildFile; fileRef = 44704F582E7E0AC70058A421 /* APIService.swift */; };
		44704F5F2E7E0C390058A421 /* ContentView.swift in Sources */ = {isa = PBXBuildFile; fileRef = 44704F5E2E7E0C390058A421 /* ContentView.swift */; };
		44704F642E7E14F00058A421 /* User.swift in Sources */ = {isa = PBXBuildFile; fileRef = 44704F632E7E14F00058A421 /* User.swift */; };
		44704F672E7E15860058A421 /* UserViewModel.swift in Sources */ = {isa = PBXBuildFile; fileRef = 44704F662E7E15860058A421 /* UserViewModel.swift */; };
		44704F692E7E15ED0058A421 /* Extensions.swift in Sources */ = {isa = PBXBuildFile; fileRef = 44704F682E7E15ED0058A421 /* Extensions.swift */; };
		44704F6B2E7E1AC40058A421 /* InsightsView.swift in Sources */ = {isa = PBXBuildFile; fileRef = 44704F6A2E7E1AC40058A421 /* InsightsView.swift */; };
		44704F6E2E7E215F0058A421 /* LogCard.swift in Sources */ = {isa = PBXBuildFile; fileRef = 44704F6D2E7E215F0058A421 /* LogCard.swift */; };
		44758F132E70BE560055D972 /* HomeView.swift in Sources */ = {isa = PBXBuildFile; fileRef = 44758F122E70BE560055D972 /* HomeView.swift */; };
		44A682452EAB0CD200B28781 /* CameraView.swift in Sources */ = {isa = PBXBuildFile; fileRef = 44A682442EAB0CD200B28781 /* CameraView.swift */; };
		44A682472EAB8C8200B28781 /* ManualEntryView.swift in Sources */ = {isa = PBXBuildFile; fileRef = 44A682462EAB8C8200B28781 /* ManualEntryView.swift */; };
		44A682492EABFFFF00B28781 /* ProfileModal.swift in Sources */ = {isa = PBXBuildFile; fileRef = 44A682482EABFFFF00B28781 /* ProfileModal.swift */; };
		44ANIMINTRO000000000001 /* AnimatedBenefitsIntro.swift in Sources */ = {isa = PBXBuildFile; fileRef = 44ANIMINTRO000000000000 /* AnimatedBenefitsIntro.swift */; };
		44D123592DA07D6E00BFC590 /* PooplyApp.swift in Sources */ = {isa = PBXBuildFile; fileRef = 44D123582DA07D6E00BFC590 /* PooplyApp.swift */; };
		44D1235D2DA07D7200BFC590 /* Assets.xcassets in Resources */ = {isa = PBXBuildFile; fileRef = 44D1235C2DA07D7200BFC590 /* Assets.xcassets */; };
		44D123602DA07D7200BFC590 /* Preview Assets.xcassets in Resources */ = {isa = PBXBuildFile; fileRef = 44D1235F2DA07D7200BFC590 /* Preview Assets.xcassets */; };
		44D1236D2DA07FAA00BFC590 /* Log.swift in Sources */ = {isa = PBXBuildFile; fileRef = 44D1236C2DA07FAA00BFC590 /* Log.swift */; };
		44D123712DA1C1AB00BFC590 /* Nunito-Black.ttf in Resources */ = {isa = PBXBuildFile; fileRef = 44D123702DA1C1AB00BFC590 /* Nunito-Black.ttf */; };
		44D123732DA1C1BA00BFC590 /* Nunito-Bold.ttf in Resources */ = {isa = PBXBuildFile; fileRef = 44D123722DA1C1BA00BFC590 /* Nunito-Bold.ttf */; };
		44D123752DA1C1D600BFC590 /* Nunito-Regular.ttf in Resources */ = {isa = PBXBuildFile; fileRef = 44D123742DA1C1D600BFC590 /* Nunito-Regular.ttf */; };
		44DESIGN012EC8000000001 /* DesignSystem.swift in Sources */ = {isa = PBXBuildFile; fileRef = 44DESIGN012EC8000000000 /* DesignSystem.swift */; };
		44FLOAT012EC8000000001 /* FloatingTabBar.swift in Sources */ = {isa = PBXBuildFile; fileRef = 44FLOAT012EC8000000000 /* FloatingTabBar.swift */; };
		44JKFONT0100000000000001 /* PlusJakartaSans-Regular.ttf in Resources */ = {isa = PBXBuildFile; fileRef = 44JKFONT0100000000000000 /* PlusJakartaSans-Regular.ttf */; };
		44JKFONT0200000000000001 /* PlusJakartaSans-Medium.ttf in Resources */ = {isa = PBXBuildFile; fileRef = 44JKFONT0200000000000000 /* PlusJakartaSans-Medium.ttf */; };
		44JKFONT0300000000000001 /* PlusJakartaSans-SemiBold.ttf in Resources */ = {isa = PBXBuildFile; fileRef = 44JKFONT0300000000000000 /* PlusJakartaSans-SemiBold.ttf */; };
		44JKFONT0400000000000001 /* PlusJakartaSans-Bold.ttf in Resources */ = {isa = PBXBuildFile; fileRef = 44JKFONT0400000000000000 /* PlusJakartaSans-Bold.ttf */; };
		44JKFONT0500000000000001 /* PlusJakartaSans-ExtraBold.ttf in Resources */ = {isa = PBXBuildFile; fileRef = 44JKFONT0500000000000000 /* PlusJakartaSans-ExtraBold.ttf */; };
		44NOTIF0000000000000001 /* NotificationService.swift in Sources */ = {isa = PBXBuildFile; fileRef = 44NOTIF0000000000000000 /* NotificationService.swift */; };
		44ONBOARD01000000000001 /* UserDefaultsService.swift in Sources */ = {isa = PBXBuildFile; fileRef = 44ONBOARD01000000000000 /* UserDefaultsService.swift */; };
		44ONBOARD02000000000001 /* OnboardingData.swift in Sources */ = {isa = PBXBuildFile; fileRef = 44ONBOARD02000000000000 /* OnboardingData.swift */; };
		44ONBOARD03000000000001 /* OnboardingView.swift in Sources */ = {isa = PBXBuildFile; fileRef = 44ONBOARD03000000000000 /* OnboardingView.swift */; };
		44ONBOARD04000000000001 /* WelcomeScreen.swift in Sources */ = {isa = PBXBuildFile; fileRef = 44ONBOARD04000000000000 /* WelcomeScreen.swift */; };
		44ONBOARD05000000000001 /* FeatureShowcaseScreen.swift in Sources */ = {isa = PBXBuildFile; fileRef = 44ONBOARD05000000000000 /* FeatureShowcaseScreen.swift */; };
		44ONBOARD06000000000001 /* ProfileCreationScreen.swift in Sources */ = {isa = PBXBuildFile; fileRef = 44ONBOARD06000000000000 /* ProfileCreationScreen.swift */; };
		44ONBOARD07000000000001 /* QuestionnaireScreen.swift in Sources */ = {isa = PBXBuildFile; fileRef = 44ONBOARD07000000000000 /* QuestionnaireScreen.swift */; };
		44ONBOARD08000000000001 /* CompletionScreen.swift in Sources */ = {isa = PBXBuildFile; fileRef = 44ONBOARD08000000000000 /* CompletionScreen.swift */; };
		44ONBOARD09000000000001 /* InviteCodeScreen.swift in Sources */ = {isa = PBXBuildFile; fileRef = 44ONBOARD09000000000000 /* InviteCodeScreen.swift */; };
		44PAYWALL0000000000001 /* PaywallView.swift in Sources */ = {isa = PBXBuildFile; fileRef = 44PAYWALL0000000000000 /* PaywallView.swift */; };
		44POOPLYVIDEO000000000001 /* pooply.mp4 in Resources */ = {isa = PBXBuildFile; fileRef = 44POOPLYVIDEO000000000000 /* pooply.mp4 */; };
		44RATING00000000000001 /* RatingCard.swift in Sources */ = {isa = PBXBuildFile; fileRef = 44RATING00000000000000 /* RatingCard.swift */; };
		44REVCAT000000000000001 /* RevenueCat in Frameworks */ = {isa = PBXBuildFile; productRef = 44REVCAT000000000000000 /* RevenueCat */; };
		44SHARE0010000000000001 /* ShareCardView.swift in Sources */ = {isa = PBXBuildFile; fileRef = 44SHARE0010000000000000 /* ShareCardView.swift */; };
		44SPLASHVIDEO0000000000001 /* SplashVideoView.swift in Sources */ = {isa = PBXBuildFile; fileRef = 44SPLASHVIDEO0000000000000 /* SplashVideoView.swift */; };
		44SUBSCR000000000000001 /* SubscriptionService.swift in Sources */ = {isa = PBXBuildFile; fileRef = 44SUBSCR000000000000000 /* SubscriptionService.swift */; };
		87227CF46E4E40D990D39697 /* ColorFloodAnimation.swift in Sources */ = {isa = PBXBuildFile; fileRef = C9EDB8F6F2F146BE959D78D4 /* ColorFloodAnimation.swift */; };
		A62283675FE047B8834E5D4C /* CalibrationProgressBar.swift in Sources */ = {isa = PBXBuildFile; fileRef = B809FF6F93DB4719B1806C33 /* CalibrationProgressBar.swift */; };
		C0046A32396F4C8AB834EA63 /* GutSenseRing.swift in Sources */ = {isa = PBXBuildFile; fileRef = D2FCBC0352E74C329275EC7C /* GutSenseRing.swift */; };
		F0526A022F293D480080043D /* FirebaseAnalytics in Frameworks */ = {isa = PBXBuildFile; productRef = F0526A012F293D480080043D /* FirebaseAnalytics */; };
		F0526A042F293D480080043D /* FirebaseAnalyticsCore in Frameworks */ = {isa = PBXBuildFile; productRef = F0526A032F293D480080043D /* FirebaseAnalyticsCore */; };
		F0526A062F293D480080043D /* FirebaseAnalyticsIdentitySupport in Frameworks */ = {isa = PBXBuildFile; productRef = F0526A052F293D480080043D /* FirebaseAnalyticsIdentitySupport */; };
		F0526A082F293D480080043D /* FirebaseAppCheck in Frameworks */ = {isa = PBXBuildFile; productRef = F0526A072F293D480080043D /* FirebaseAppCheck */; };
		F0526A0A2F293D480080043D /* FirebaseAppDistribution-Beta in Frameworks */ = {isa = PBXBuildFile; productRef = F0526A092F293D480080043D /* FirebaseAppDistribution-Beta */; };
		F0526A0C2F293D480080043D /* FirebaseAuth in Frameworks */ = {isa = PBXBuildFile; productRef = F0526A0B2F293D480080043D /* FirebaseAuth */; };
		F0526A0E2F293D480080043D /* FirebaseAuthCombine-Community in Frameworks */ = {isa = PBXBuildFile; productRef = F0526A0D2F293D480080043D /* FirebaseAuthCombine-Community */; };
		F0526A102F293D480080043D /* FirebaseFirestore in Frameworks */ = {isa = PBXBuildFile; productRef = F0526A0F2F293D480080043D /* FirebaseFirestore */; };
		F0526A122F293D480080043D /* FirebaseFirestoreCombine-Community in Frameworks */ = {isa = PBXBuildFile; productRef = F0526A112F293D480080043D /* FirebaseFirestoreCombine-Community */; };
		F0526A142F293D480080043D /* FirebaseFunctions in Frameworks */ = {isa = PBXBuildFile; productRef = F0526A132F293D480080043D /* FirebaseFunctions */; };
		F0526A162F293D480080043D /* FirebaseFunctionsCombine-Community in Frameworks */ = {isa = PBXBuildFile; productRef = F0526A152F293D480080043D /* FirebaseFunctionsCombine-Community */; };
		F0526A182F293D480080043D /* FirebaseMessaging in Frameworks */ = {isa = PBXBuildFile; productRef = F0526A172F293D480080043D /* FirebaseMessaging */; };
		F0526A1A2F293D480080043D /* FirebaseStorage in Frameworks */ = {isa = PBXBuildFile; productRef = F0526A192F293D480080043D /* FirebaseStorage */; };
		F0526A1C2F293D480080043D /* FirebaseStorageCombine-Community in Frameworks */ = {isa = PBXBuildFile; productRef = F0526A1B2F293D480080043D /* FirebaseStorageCombine-Community */; };
		F0526A1E2F2942C60080043D /* GoogleService-Info.plist in Resources */ = {isa = PBXBuildFile; fileRef = F0526A1D2F2942C60080043D /* GoogleService-Info.plist */; };
		NX4VCKZ21R5FRZTLMG63OLIG /* AuthView.swift in Sources */ = {isa = PBXBuildFile; fileRef = 16DTYQBU4JOHRZDJ5DJBA213 /* AuthView.swift */; };
		Z497XIFT3W9NIOC34UHQGETO /* AuthService.swift in Sources */ = {isa = PBXBuildFile; fileRef = HVNYVEM3KCUZ39LT8NMFNN46 /* AuthService.swift */; };
		ZFOMYPX18RKE2BFUCDICN8FH /* AnalysisService.swift in Sources */ = {isa = PBXBuildFile; fileRef = ZIQ546A91VO467QI46S806BL /* AnalysisService.swift */; };
/* End PBXBuildFile section */

/* Begin PBXFileReference section */
		16DTYQBU4JOHRZDJ5DJBA213 /* AuthView.swift */ = {isa = PBXFileReference; lastKnownFileType = sourcecode.swift; path = AuthView.swift; sourceTree = "<group>"; };
		44704F582E7E0AC70058A421 /* APIService.swift */ = {isa = PBXFileReference; lastKnownFileType = sourcecode.swift; path = APIService.swift; sourceTree = "<group>"; };
		44704F5E2E7E0C390058A421 /* ContentView.swift */ = {isa = PBXFileReference; lastKnownFileType = sourcecode.swift; path = ContentView.swift; sourceTree = "<group>"; };
		44704F632E7E14F00058A421 /* User.swift */ = {isa = PBXFileReference; lastKnownFileType = sourcecode.swift; path = User.swift; sourceTree = "<group>"; };
		44704F662E7E15860058A421 /* UserViewModel.swift */ = {isa = PBXFileReference; lastKnownFileType = sourcecode.swift; path = UserViewModel.swift; sourceTree = "<group>"; };
		44704F682E7E15ED0058A421 /* Extensions.swift */ = {isa = PBXFileReference; lastKnownFileType = sourcecode.swift; path = Extensions.swift; sourceTree = "<group>"; };
		44704F6A2E7E1AC40058A421 /* InsightsView.swift */ = {isa = PBXFileReference; lastKnownFileType = sourcecode.swift; path = InsightsView.swift; sourceTree = "<group>"; };
		44704F6D2E7E215F0058A421 /* LogCard.swift */ = {isa = PBXFileReference; lastKnownFileType = sourcecode.swift; path = LogCard.swift; sourceTree = "<group>"; };
		44758F122E70BE560055D972 /* HomeView.swift */ = {isa = PBXFileReference; lastKnownFileType = sourcecode.swift; path = HomeView.swift; sourceTree = "<group>"; };
		44A682442EAB0CD200B28781 /* CameraView.swift */ = {isa = PBXFileReference; lastKnownFileType = sourcecode.swift; path = CameraView.swift; sourceTree = "<group>"; };
		44A682462EAB8C8200B28781 /* ManualEntryView.swift */ = {isa = PBXFileReference; lastKnownFileType = sourcecode.swift; path = ManualEntryView.swift; sourceTree = "<group>"; };
		44A682482EABFFFF00B28781 /* ProfileModal.swift */ = {isa = PBXFileReference; lastKnownFileType = sourcecode.swift; path = ProfileModal.swift; sourceTree = "<group>"; };
		44ANIMINTRO000000000000 /* AnimatedBenefitsIntro.swift */ = {isa = PBXFileReference; lastKnownFileType = sourcecode.swift; path = AnimatedBenefitsIntro.swift; sourceTree = "<group>"; };
		44D123552DA07D6E00BFC590 /* Pooply.app */ = {isa = PBXFileReference; explicitFileType = wrapper.application; includeInIndex = 0; path = Pooply.app; sourceTree = BUILT_PRODUCTS_DIR; };
		44D123582DA07D6E00BFC590 /* PooplyApp.swift */ = {isa = PBXFileReference; lastKnownFileType = sourcecode.swift; path = PooplyApp.swift; sourceTree = "<group>"; };
		44D1235C2DA07D7200BFC590 /* Assets.xcassets */ = {isa = PBXFileReference; lastKnownFileType = folder.assetcatalog; path = Assets.xcassets; sourceTree = "<group>"; };
		44D1235F2DA07D7200BFC590 /* Preview Assets.xcassets */ = {isa = PBXFileReference; lastKnownFileType = folder.assetcatalog; path = "Preview Assets.xcassets"; sourceTree = "<group>"; };
		44D1236C2DA07FAA00BFC590 /* Log.swift */ = {isa = PBXFileReference; lastKnownFileType = sourcecode.swift; path = Log.swift; sourceTree = "<group>"; };
		44D123702DA1C1AB00BFC590 /* Nunito-Black.ttf */ = {isa = PBXFileReference; lastKnownFileType = file; path = "Nunito-Black.ttf"; sourceTree = "<group>"; };
		44D123722DA1C1BA00BFC590 /* Nunito-Bold.ttf */ = {isa = PBXFileReference; lastKnownFileType = file; path = "Nunito-Bold.ttf"; sourceTree = "<group>"; };
		44D123742DA1C1D600BFC590 /* Nunito-Regular.ttf */ = {isa = PBXFileReference; lastKnownFileType = file; path = "Nunito-Regular.ttf"; sourceTree = "<group>"; };
		44D123762DA1C1FE00BFC590 /* Info.plist */ = {isa = PBXFileReference; lastKnownFileType = text.plist; path = Info.plist; sourceTree = "<group>"; };
		44DESIGN012EC8000000000 /* DesignSystem.swift */ = {isa = PBXFileReference; lastKnownFileType = sourcecode.swift; path = DesignSystem.swift; sourceTree = "<group>"; };
		44FLOAT012EC8000000000 /* FloatingTabBar.swift */ = {isa = PBXFileReference; lastKnownFileType = sourcecode.swift; path = FloatingTabBar.swift; sourceTree = "<group>"; };
		44JKFONT0100000000000000 /* PlusJakartaSans-Regular.ttf */ = {isa = PBXFileReference; lastKnownFileType = file; path = "PlusJakartaSans-Regular.ttf"; sourceTree = "<group>"; };
		44JKFONT0200000000000000 /* PlusJakartaSans-Medium.ttf */ = {isa = PBXFileReference; lastKnownFileType = file; path = "PlusJakartaSans-Medium.ttf"; sourceTree = "<group>"; };
		44JKFONT0300000000000000 /* PlusJakartaSans-SemiBold.ttf */ = {isa = PBXFileReference; lastKnownFileType = file; path = "PlusJakartaSans-SemiBold.ttf"; sourceTree = "<group>"; };
		44JKFONT0400000000000000 /* PlusJakartaSans-Bold.ttf */ = {isa = PBXFileReference; lastKnownFileType = file; path = "PlusJakartaSans-Bold.ttf"; sourceTree = "<group>"; };
		44JKFONT0500000000000000 /* PlusJakartaSans-ExtraBold.ttf */ = {isa = PBXFileReference; lastKnownFileType = file; path = "PlusJakartaSans-ExtraBold.ttf"; sourceTree = "<group>"; };
		44NOTIF0000000000000000 /* NotificationService.swift */ = {isa = PBXFileReference; lastKnownFileType = sourcecode.swift; path = NotificationService.swift; sourceTree = "<group>"; };
		44ONBOARD01000000000000 /* UserDefaultsService.swift */ = {isa = PBXFileReference; lastKnownFileType = sourcecode.swift; path = UserDefaultsService.swift; sourceTree = "<group>"; };
		44ONBOARD02000000000000 /* OnboardingData.swift */ = {isa = PBXFileReference; lastKnownFileType = sourcecode.swift; path = OnboardingData.swift; sourceTree = "<group>"; };
		44ONBOARD03000000000000 /* OnboardingView.swift */ = {isa = PBXFileReference; lastKnownFileType = sourcecode.swift; path = OnboardingView.swift; sourceTree = "<group>"; };
		44ONBOARD04000000000000 /* WelcomeScreen.swift */ = {isa = PBXFileReference; lastKnownFileType = sourcecode.swift; path = WelcomeScreen.swift; sourceTree = "<group>"; };
		44ONBOARD05000000000000 /* FeatureShowcaseScreen.swift */ = {isa = PBXFileReference; lastKnownFileType = sourcecode.swift; path = FeatureShowcaseScreen.swift; sourceTree = "<group>"; };
		44ONBOARD06000000000000 /* ProfileCreationScreen.swift */ = {isa = PBXFileReference; lastKnownFileType = sourcecode.swift; path = ProfileCreationScreen.swift; sourceTree = "<group>"; };
		44ONBOARD07000000000000 /* QuestionnaireScreen.swift */ = {isa = PBXFileReference; lastKnownFileType = sourcecode.swift; path = QuestionnaireScreen.swift; sourceTree = "<group>"; };
		44ONBOARD08000000000000 /* CompletionScreen.swift */ = {isa = PBXFileReference; lastKnownFileType = sourcecode.swift; path = CompletionScreen.swift; sourceTree = "<group>"; };
		44ONBOARD09000000000000 /* InviteCodeScreen.swift */ = {isa = PBXFileReference; lastKnownFileType = sourcecode.swift; path = InviteCodeScreen.swift; sourceTree = "<group>"; };
		44PAYWALL0000000000000 /* PaywallView.swift */ = {isa = PBXFileReference; lastKnownFileType = sourcecode.swift; path = PaywallView.swift; sourceTree = "<group>"; };
		44POOPLYVIDEO000000000000 /* pooply.mp4 */ = {isa = PBXFileReference; lastKnownFileType = file; path = pooply.mp4; sourceTree = "<group>"; };
		44RATING00000000000000 /* RatingCard.swift */ = {isa = PBXFileReference; lastKnownFileType = sourcecode.swift; path = RatingCard.swift; sourceTree = "<group>"; };
		44SHARE0010000000000000 /* ShareCardView.swift */ = {isa = PBXFileReference; lastKnownFileType = sourcecode.swift; path = ShareCardView.swift; sourceTree = "<group>"; };
		44SPLASHVIDEO0000000000000 /* SplashVideoView.swift */ = {isa = PBXFileReference; lastKnownFileType = sourcecode.swift; path = SplashVideoView.swift; sourceTree = "<group>"; };
		44SUBSCR000000000000000 /* SubscriptionService.swift */ = {isa = PBXFileReference; lastKnownFileType = sourcecode.swift; path = SubscriptionService.swift; sourceTree = "<group>"; };
		B809FF6F93DB4719B1806C33 /* CalibrationProgressBar.swift */ = {isa = PBXFileReference; lastKnownFileType = sourcecode.swift; path = CalibrationProgressBar.swift; sourceTree = "<group>"; };
		C9EDB8F6F2F146BE959D78D4 /* ColorFloodAnimation.swift */ = {isa = PBXFileReference; lastKnownFileType = sourcecode.swift; path = ColorFloodAnimation.swift; sourceTree = "<group>"; };
		D2FCBC0352E74C329275EC7C /* GutSenseRing.swift */ = {isa = PBXFileReference; lastKnownFileType = sourcecode.swift; path = GutSenseRing.swift; sourceTree = "<group>"; };
		F0526A1D2F2942C60080043D /* GoogleService-Info.plist */ = {isa = PBXFileReference; lastKnownFileType = text.plist.xml; path = "GoogleService-Info.plist"; sourceTree = "<group>"; };
		F0526A1F2F294C100080043D /* Pooply.entitlements */ = {isa = PBXFileReference; lastKnownFileType = text.plist.entitlements; path = Pooply.entitlements; sourceTree = "<group>"; };
		F0CAFE012F4B00000000CAFE /* Configuration.storekit */ = {isa = PBXFileReference; lastKnownFileType = text; path = Configuration.storekit; sourceTree = "<group>"; };
		HVNYVEM3KCUZ39LT8NMFNN46 /* AuthService.swift */ = {isa = PBXFileReference; lastKnownFileType = sourcecode.swift; path = AuthService.swift; sourceTree = "<group>"; };
		Z9F4EBURYK8MGO8HNYB8OU5E /* FirebaseService.swift */ = {isa = PBXFileReference; lastKnownFileType = sourcecode.swift; path = FirebaseService.swift; sourceTree = "<group>"; };
		ZIQ546A91VO467QI46S806BL /* AnalysisService.swift */ = {isa = PBXFileReference; lastKnownFileType = sourcecode.swift; path = AnalysisService.swift; sourceTree = "<group>"; };
/* End PBXFileReference section */

/* Begin PBXFrameworksBuildPhase section */
		44D123522DA07D6E00BFC590 /* Frameworks */ = {
			isa = PBXFrameworksBuildPhase;
			buildActionMask = 2147483647;
			files = (
				F0526A062F293D480080043D /* FirebaseAnalyticsIdentitySupport in Frameworks */,
				F0526A022F293D480080043D /* FirebaseAnalytics in Frameworks */,
				F0526A042F293D480080043D /* FirebaseAnalyticsCore in Frameworks */,
				F0526A122F293D480080043D /* FirebaseFirestoreCombine-Community in Frameworks */,
				F0526A082F293D480080043D /* FirebaseAppCheck in Frameworks */,
				44704F552E7E0ABA0058A421 /* Alamofire in Frameworks */,
				F0526A102F293D480080043D /* FirebaseFirestore in Frameworks */,
				F0526A1C2F293D480080043D /* FirebaseStorageCombine-Community in Frameworks */,
				F0526A0C2F293D480080043D /* FirebaseAuth in Frameworks */,
				F0526A182F293D480080043D /* FirebaseMessaging in Frameworks */,
				F0526A0A2F293D480080043D /* FirebaseAppDistribution-Beta in Frameworks */,
				F0526A142F293D480080043D /* FirebaseFunctions in Frameworks */,
				F0526A1A2F293D480080043D /* FirebaseStorage in Frameworks */,
				F0526A0E2F293D480080043D /* FirebaseAuthCombine-Community in Frameworks */,
				F0526A162F293D480080043D /* FirebaseFunctionsCombine-Community in Frameworks */,
				44REVCAT000000000000001 /* RevenueCat in Frameworks */,
			);
			runOnlyForDeploymentPostprocessing = 0;
		};
/* End PBXFrameworksBuildPhase section */

/* Begin PBXGroup section */
		44704F622E7E14DB0058A421 /* Models */ = {
			isa = PBXGroup;
			children = (
				44D1236C2DA07FAA00BFC590 /* Log.swift */,
				44704F632E7E14F00058A421 /* User.swift */,
				44ONBOARD02000000000000 /* OnboardingData.swift */,
			);
			path = Models;
			sourceTree = "<group>";
		};
		44704F652E7E154D0058A421 /* ViewModels */ = {
			isa = PBXGroup;
			children = (
				44704F662E7E15860058A421 /* UserViewModel.swift */,
			);
			path = ViewModels;
			sourceTree = "<group>";
		};
		44704F6C2E7E21500058A421 /* Components */ = {
			isa = PBXGroup;
			children = (
				44704F6D2E7E215F0058A421 /* LogCard.swift */,
				D2FCBC0352E74C329275EC7C /* GutSenseRing.swift */,
				B809FF6F93DB4719B1806C33 /* CalibrationProgressBar.swift */,
				C9EDB8F6F2F146BE959D78D4 /* ColorFloodAnimation.swift */,
				44FLOAT012EC8000000000 /* FloatingTabBar.swift */,
				44RATING00000000000000 /* RatingCard.swift */,
			);
			path = Components;
			sourceTree = "<group>";
		};
		44D1234C2DA07D6E00BFC590 = {
			isa = PBXGroup;
			children = (
				44D123572DA07D6E00BFC590 /* Pooply */,
				44D123562DA07D6E00BFC590 /* Products */,
			);
			sourceTree = "<group>";
		};
		44D123562DA07D6E00BFC590 /* Products */ = {
			isa = PBXGroup;
			children = (
				44D123552DA07D6E00BFC590 /* Pooply.app */,
			);
			name = Products;
			sourceTree = "<group>";
		};
		44D123572DA07D6E00BFC590 /* Pooply */ = {
			isa = PBXGroup;
			children = (
				F0526A1F2F294C100080043D /* Pooply.entitlements */,
				F0CAFE012F4B00000000CAFE /* Configuration.storekit */,
				44D123762DA1C1FE00BFC590 /* Info.plist */,
				F0526A1D2F2942C60080043D /* GoogleService-Info.plist */,
				44704F582E7E0AC70058A421 /* APIService.swift */,
				44DESIGN012EC8000000000 /* DesignSystem.swift */,
				44D123582DA07D6E00BFC590 /* PooplyApp.swift */,
				44D123702DA1C1AB00BFC590 /* Nunito-Black.ttf */,
				44D123722DA1C1BA00BFC590 /* Nunito-Bold.ttf */,
				44D123742DA1C1D600BFC590 /* Nunito-Regular.ttf */,
				44POOPLYVIDEO000000000000 /* pooply.mp4 */,
				44D1235C2DA07D7200BFC590 /* Assets.xcassets */,
				44JKFONT00GROUP000000000 /* Fonts */,
				44704F622E7E14DB0058A421 /* Models */,
				44D1235E2DA07D7200BFC590 /* Preview Content */,
				44ONBOARD00SERVICES00000 /* Services */,
				44704F652E7E154D0058A421 /* ViewModels */,
				44D1236A2DA07F8000BFC590 /* Views */,
				44704F682E7E15ED0058A421 /* Extensions.swift */,
			);
			path = Pooply;
			sourceTree = "<group>";
		};
		44D1235E2DA07D7200BFC590 /* Preview Content */ = {
			isa = PBXGroup;
			children = (
				44D1235F2DA07D7200BFC590 /* Preview Assets.xcassets */,
			);
			path = "Preview Content";
			sourceTree = "<group>";
		};
		44D1236A2DA07F8000BFC590 /* Views */ = {
			isa = PBXGroup;
			children = (
				44704F6C2E7E21500058A421 /* Components */,
				44ONBOARD00ONBOARDING00 /* Onboarding */,
				44758F122E70BE560055D972 /* HomeView.swift */,
				44SPLASHVIDEO0000000000000 /* SplashVideoView.swift */,
				44SHARE0010000000000000 /* ShareCardView.swift */,
				44A682462EAB8C8200B28781 /* ManualEntryView.swift */,
				44704F5E2E7E0C390058A421 /* ContentView.swift */,
				44A682482EABFFFF00B28781 /* ProfileModal.swift */,
				44704F6A2E7E1AC40058A421 /* InsightsView.swift */,
				44A682442EAB0CD200B28781 /* CameraView.swift */,
				44PAYWALL0000000000000 /* PaywallView.swift */,
			);
			path = Views;
			sourceTree = "<group>";
		};
		44JKFONT00GROUP000000000 /* Fonts */ = {
			isa = PBXGroup;
			children = (
				44JKFONT0100000000000000 /* PlusJakartaSans-Regular.ttf */,
				44JKFONT0200000000000000 /* PlusJakartaSans-Medium.ttf */,
				44JKFONT0300000000000000 /* PlusJakartaSans-SemiBold.ttf */,
				44JKFONT0400000000000000 /* PlusJakartaSans-Bold.ttf */,
				44JKFONT0500000000000000 /* PlusJakartaSans-ExtraBold.ttf */,
			);
			path = Fonts;
			sourceTree = "<group>";
		};
		44ONBOARD00ONBOARDING00 /* Onboarding */ = {
			isa = PBXGroup;
			children = (
				16DTYQBU4JOHRZDJ5DJBA213 /* AuthView.swift */,
				44ONBOARD03000000000000 /* OnboardingView.swift */,
				44ONBOARD04000000000000 /* WelcomeScreen.swift */,
				44ONBOARD05000000000000 /* FeatureShowcaseScreen.swift */,
				44ONBOARD06000000000000 /* ProfileCreationScreen.swift */,
				44ONBOARD07000000000000 /* QuestionnaireScreen.swift */,
				44ONBOARD08000000000000 /* CompletionScreen.swift */,
				44ONBOARD09000000000000 /* InviteCodeScreen.swift */,
				44ANIMINTRO000000000000 /* AnimatedBenefitsIntro.swift */,
			);
			path = Onboarding;
			sourceTree = "<group>";
		};
		44ONBOARD00SERVICES00000 /* Services */ = {
			isa = PBXGroup;
			children = (
				HVNYVEM3KCUZ39LT8NMFNN46 /* AuthService.swift */,
				Z9F4EBURYK8MGO8HNYB8OU5E /* FirebaseService.swift */,
				ZIQ546A91VO467QI46S806BL /* AnalysisService.swift */,
				44ONBOARD01000000000000 /* UserDefaultsService.swift */,
				44NOTIF0000000000000000 /* NotificationService.swift */,
				44SUBSCR000000000000000 /* SubscriptionService.swift */,
			);
			path = Services;
			sourceTree = "<group>";
		};
/* End PBXGroup section */

/* Begin PBXNativeTarget section */
		44D123542DA07D6E00BFC590 /* Pooply */ = {
			isa = PBXNativeTarget;
			buildConfigurationList = 44D123632DA07D7200BFC590 /* Build configuration list for PBXNativeTarget "Pooply" */;
			buildPhases = (
				44D123512DA07D6E00BFC590 /* Sources */,
				44D123522DA07D6E00BFC590 /* Frameworks */,
				44D123532DA07D6E00BFC590 /* Resources */,
			);
			buildRules = (
			);
			dependencies = (
			);
			name = Pooply;
			packageProductDependencies = (
				44704F542E7E0ABA0058A421 /* Alamofire */,
				F0526A012F293D480080043D /* FirebaseAnalytics */,
				F0526A032F293D480080043D /* FirebaseAnalyticsCore */,
				F0526A052F293D480080043D /* FirebaseAnalyticsIdentitySupport */,
				F0526A072F293D480080043D /* FirebaseAppCheck */,
				F0526A092F293D480080043D /* FirebaseAppDistribution-Beta */,
				F0526A0B2F293D480080043D /* FirebaseAuth */,
				F0526A0D2F293D480080043D /* FirebaseAuthCombine-Community */,
				F0526A0F2F293D480080043D /* FirebaseFirestore */,
				F0526A112F293D480080043D /* FirebaseFirestoreCombine-Community */,
				F0526A132F293D480080043D /* FirebaseFunctions */,
				F0526A152F293D480080043D /* FirebaseFunctionsCombine-Community */,
				F0526A172F293D480080043D /* FirebaseMessaging */,
				F0526A192F293D480080043D /* FirebaseStorage */,
				F0526A1B2F293D480080043D /* FirebaseStorageCombine-Community */,
				44REVCAT000000000000000 /* RevenueCat */,
			);
			productName = Pooply;
			productReference = 44D123552DA07D6E00BFC590 /* Pooply.app */;
			productType = "com.apple.product-type.application";
		};
/* End PBXNativeTarget section */

/* Begin PBXProject section */
		44D1234D2DA07D6E00BFC590 /* Project object */ = {
			isa = PBXProject;
			attributes = {
				BuildIndependentTargetsInParallel = 1;
				LastSwiftUpdateCheck = 1540;
				LastUpgradeCheck = 1540;
				TargetAttributes = {
					44D123542DA07D6E00BFC590 = {
						CreatedOnToolsVersion = 15.4;
					};
				};
			};
			buildConfigurationList = 44D123502DA07D6E00BFC590 /* Build configuration list for PBXProject "Pooply" */;
			compatibilityVersion = "Xcode 14.0";
			developmentRegion = en;
			hasScannedForEncodings = 0;
			knownRegions = (
				en,
				Base,
			);
			mainGroup = 44D1234C2DA07D6E00BFC590;
			packageReferences = (
				44704F532E7E0ABA0058A421 /* XCRemoteSwiftPackageReference "Alamofire" */,
				F0526A002F293D480080043D /* XCRemoteSwiftPackageReference "firebase-ios-sdk" */,
				F0E113532F57A3DF00417DD4 /* XCRemoteSwiftPackageReference "purchases-ios-spm" */,
			);
			productRefGroup = 44D123562DA07D6E00BFC590 /* Products */;
			projectDirPath = "";
			projectRoot = "";
			targets = (
				44D123542DA07D6E00BFC590 /* Pooply */,
			);
		};
/* End PBXProject section */

/* Begin PBXResourcesBuildPhase section */
		44D123532DA07D6E00BFC590 /* Resources */ = {
			isa = PBXResourcesBuildPhase;
			buildActionMask = 2147483647;
			files = (
				44D123752DA1C1D600BFC590 /* Nunito-Regular.ttf in Resources */,
				44D123602DA07D7200BFC590 /* Preview Assets.xcassets in Resources */,
				44D1235D2DA07D7200BFC590 /* Assets.xcassets in Resources */,
				44D123732DA1C1BA00BFC590 /* Nunito-Bold.ttf in Resources */,
				44D123712DA1C1AB00BFC590 /* Nunito-Black.ttf in Resources */,
				F0526A1E2F2942C60080043D /* GoogleService-Info.plist in Resources */,
				44JKFONT0100000000000001 /* PlusJakartaSans-Regular.ttf in Resources */,
				44JKFONT0200000000000001 /* PlusJakartaSans-Medium.ttf in Resources */,
				44JKFONT0300000000000001 /* PlusJakartaSans-SemiBold.ttf in Resources */,
				44JKFONT0400000000000001 /* PlusJakartaSans-Bold.ttf in Resources */,
				44JKFONT0500000000000001 /* PlusJakartaSans-ExtraBold.ttf in Resources */,
				44POOPLYVIDEO000000000001 /* pooply.mp4 in Resources */,
			);
			runOnlyForDeploymentPostprocessing = 0;
		};
/* End PBXResourcesBuildPhase section */

/* Begin PBXSourcesBuildPhase section */
		44D123512DA07D6E00BFC590 /* Sources */ = {
			isa = PBXSourcesBuildPhase;
			buildActionMask = 2147483647;
			files = (
				Z497XIFT3W9NIOC34UHQGETO /* AuthService.swift in Sources */,
				176NR0IARIFIQ3254GINB84H /* FirebaseService.swift in Sources */,
				ZFOMYPX18RKE2BFUCDICN8FH /* AnalysisService.swift in Sources */,
				NX4VCKZ21R5FRZTLMG63OLIG /* AuthView.swift in Sources */,
				44DESIGN012EC8000000001 /* DesignSystem.swift in Sources */,
				44FLOAT012EC8000000001 /* FloatingTabBar.swift in Sources */,
				44D1236D2DA07FAA00BFC590 /* Log.swift in Sources */,
				44704F6B2E7E1AC40058A421 /* InsightsView.swift in Sources */,
				44A682492EABFFFF00B28781 /* ProfileModal.swift in Sources */,
				44A682452EAB0CD200B28781 /* CameraView.swift in Sources */,
				44704F672E7E15860058A421 /* UserViewModel.swift in Sources */,
				44704F6E2E7E215F0058A421 /* LogCard.swift in Sources */,
				C0046A32396F4C8AB834EA63 /* GutSenseRing.swift in Sources */,
				A62283675FE047B8834E5D4C /* CalibrationProgressBar.swift in Sources */,
				87227CF46E4E40D990D39697 /* ColorFloodAnimation.swift in Sources */,
				44704F5F2E7E0C390058A421 /* ContentView.swift in Sources */,
				44704F692E7E15ED0058A421 /* Extensions.swift in Sources */,
				44A682472EAB8C8200B28781 /* ManualEntryView.swift in Sources */,
				44758F132E70BE560055D972 /* HomeView.swift in Sources */,
				44SPLASHVIDEO0000000000001 /* SplashVideoView.swift in Sources */,
				44SHARE0010000000000001 /* ShareCardView.swift in Sources */,
				44704F592E7E0AC70058A421 /* APIService.swift in Sources */,
				44704F642E7E14F00058A421 /* User.swift in Sources */,
				44D123592DA07D6E00BFC590 /* PooplyApp.swift in Sources */,
				44ONBOARD01000000000001 /* UserDefaultsService.swift in Sources */,
				44ONBOARD02000000000001 /* OnboardingData.swift in Sources */,
				44ONBOARD03000000000001 /* OnboardingView.swift in Sources */,
				44ONBOARD04000000000001 /* WelcomeScreen.swift in Sources */,
				44ONBOARD05000000000001 /* FeatureShowcaseScreen.swift in Sources */,
				44ONBOARD06000000000001 /* ProfileCreationScreen.swift in Sources */,
				44ONBOARD07000000000001 /* QuestionnaireScreen.swift in Sources */,
				44ONBOARD08000000000001 /* CompletionScreen.swift in Sources */,
				44ONBOARD09000000000001 /* InviteCodeScreen.swift in Sources */,
				44ANIMINTRO000000000001 /* AnimatedBenefitsIntro.swift in Sources */,
				44PAYWALL0000000000001 /* PaywallView.swift in Sources */,
				44RATING00000000000001 /* RatingCard.swift in Sources */,
				44NOTIF0000000000000001 /* NotificationService.swift in Sources */,
				44SUBSCR000000000000001 /* SubscriptionService.swift in Sources */,
			);
			runOnlyForDeploymentPostprocessing = 0;
		};
/* End PBXSourcesBuildPhase section */

/* Begin XCBuildConfiguration section */
		44D123612DA07D7200BFC590 /* Debug */ = {
			isa = XCBuildConfiguration;
			buildSettings = {
				ALWAYS_SEARCH_USER_PATHS = NO;
				ASSETCATALOG_COMPILER_GENERATE_SWIFT_ASSET_SYMBOL_EXTENSIONS = YES;
				CLANG_ANALYZER_NONNULL = YES;
				CLANG_ANALYZER_NUMBER_OBJECT_CONVERSION = YES_AGGRESSIVE;
				CLANG_CXX_LANGUAGE_STANDARD = "gnu++20";
				CLANG_ENABLE_MODULES = YES;
				CLANG_ENABLE_OBJC_ARC = YES;
				CLANG_ENABLE_OBJC_WEAK = YES;
				CLANG_WARN_BLOCK_CAPTURE_AUTORELEASING = YES;
				CLANG_WARN_BOOL_CONVERSION = YES;
				CLANG_WARN_COMMA = YES;
				CLANG_WARN_CONSTANT_CONVERSION = YES;
				CLANG_WARN_DEPRECATED_OBJC_IMPLEMENTATIONS = YES;
				CLANG_WARN_DIRECT_OBJC_ISA_USAGE = YES_ERROR;
				CLANG_WARN_DOCUMENTATION_COMMENTS = YES;
				CLANG_WARN_EMPTY_BODY = YES;
				CLANG_WARN_ENUM_CONVERSION = YES;
				CLANG_WARN_INFINITE_RECURSION = YES;
				CLANG_WARN_INT_CONVERSION = YES;
				CLANG_WARN_NON_LITERAL_NULL_CONVERSION = YES;
				CLANG_WARN_OBJC_IMPLICIT_RETAIN_SELF = YES;
				CLANG_WARN_OBJC_LITERAL_CONVERSION = YES;
				CLANG_WARN_OBJC_ROOT_CLASS = YES_ERROR;
				CLANG_WARN_QUOTED_INCLUDE_IN_FRAMEWORK_HEADER = YES;
				CLANG_WARN_RANGE_LOOP_ANALYSIS = YES;
				CLANG_WARN_STRICT_PROTOTYPES = YES;
				CLANG_WARN_SUSPICIOUS_MOVE = YES;
				CLANG_WARN_UNGUARDED_AVAILABILITY = YES_AGGRESSIVE;
				CLANG_WARN_UNREACHABLE_CODE = YES;
				CLANG_WARN__DUPLICATE_METHOD_MATCH = YES;
				COPY_PHASE_STRIP = NO;
				DEBUG_INFORMATION_FORMAT = dwarf;
				ENABLE_STRICT_OBJC_MSGSEND = YES;
				ENABLE_TESTABILITY = YES;
				ENABLE_USER_SCRIPT_SANDBOXING = YES;
				GCC_C_LANGUAGE_STANDARD = gnu17;
				GCC_DYNAMIC_NO_PIC = NO;
				GCC_NO_COMMON_BLOCKS = YES;
				GCC_OPTIMIZATION_LEVEL = 0;
				GCC_PREPROCESSOR_DEFINITIONS = (
					"DEBUG=1",
					"$(inherited)",
				);
				GCC_WARN_64_TO_32_BIT_CONVERSION = YES;
				GCC_WARN_ABOUT_RETURN_TYPE = YES_ERROR;
				GCC_WARN_UNDECLARED_SELECTOR = YES;
				GCC_WARN_UNINITIALIZED_AUTOS = YES_AGGRESSIVE;
				GCC_WARN_UNUSED_FUNCTION = YES;
				GCC_WARN_UNUSED_VARIABLE = YES;
				IPHONEOS_DEPLOYMENT_TARGET = 18.0;
				LOCALIZATION_PREFERS_STRING_CATALOGS = YES;
				MTL_ENABLE_DEBUG_INFO = INCLUDE_SOURCE;
				MTL_FAST_MATH = YES;
				ONLY_ACTIVE_ARCH = YES;
				SDKROOT = iphoneos;
				SWIFT_ACTIVE_COMPILATION_CONDITIONS = "DEBUG $(inherited)";
				SWIFT_OPTIMIZATION_LEVEL = "-Onone";
			};
			name = Debug;
		};
		44D123622DA07D7200BFC590 /* Release */ = {
			isa = XCBuildConfiguration;
			buildSettings = {
				ALWAYS_SEARCH_USER_PATHS = NO;
				ASSETCATALOG_COMPILER_GENERATE_SWIFT_ASSET_SYMBOL_EXTENSIONS = YES;
				CLANG_ANALYZER_NONNULL = YES;
				CLANG_ANALYZER_NUMBER_OBJECT_CONVERSION = YES_AGGRESSIVE;
				CLANG_CXX_LANGUAGE_STANDARD = "gnu++20";
				CLANG_ENABLE_MODULES = YES;
				CLANG_ENABLE_OBJC_ARC = YES;
				CLANG_ENABLE_OBJC_WEAK = YES;
				CLANG_WARN_BLOCK_CAPTURE_AUTORELEASING = YES;
				CLANG_WARN_BOOL_CONVERSION = YES;
				CLANG_WARN_COMMA = YES;
				CLANG_WARN_CONSTANT_CONVERSION = YES;
				CLANG_WARN_DEPRECATED_OBJC_IMPLEMENTATIONS = YES;
				CLANG_WARN_DIRECT_OBJC_ISA_USAGE = YES_ERROR;
				CLANG_WARN_DOCUMENTATION_COMMENTS = YES;
				CLANG_WARN_EMPTY_BODY = YES;
				CLANG_WARN_ENUM_CONVERSION = YES;
				CLANG_WARN_INFINITE_RECURSION = YES;
				CLANG_WARN_INT_CONVERSION = YES;
				CLANG_WARN_NON_LITERAL_NULL_CONVERSION = YES;
				CLANG_WARN_OBJC_IMPLICIT_RETAIN_SELF = YES;
				CLANG_WARN_OBJC_LITERAL_CONVERSION = YES;
				CLANG_WARN_OBJC_ROOT_CLASS = YES_ERROR;
				CLANG_WARN_QUOTED_INCLUDE_IN_FRAMEWORK_HEADER = YES;
				CLANG_WARN_RANGE_LOOP_ANALYSIS = YES;
				CLANG_WARN_STRICT_PROTOTYPES = YES;
				CLANG_WARN_SUSPICIOUS_MOVE = YES;
				CLANG_WARN_UNGUARDED_AVAILABILITY = YES_AGGRESSIVE;
				CLANG_WARN_UNREACHABLE_CODE = YES;
				CLANG_WARN__DUPLICATE_METHOD_MATCH = YES;
				COPY_PHASE_STRIP = NO;
				DEBUG_INFORMATION_FORMAT = "dwarf-with-dsym";
				ENABLE_NS_ASSERTIONS = NO;
				ENABLE_STRICT_OBJC_MSGSEND = YES;
				ENABLE_USER_SCRIPT_SANDBOXING = YES;
				GCC_C_LANGUAGE_STANDARD = gnu17;
				GCC_NO_COMMON_BLOCKS = YES;
				GCC_WARN_64_TO_32_BIT_CONVERSION = YES;
				GCC_WARN_ABOUT_RETURN_TYPE = YES_ERROR;
				GCC_WARN_UNDECLARED_SELECTOR = YES;
				GCC_WARN_UNINITIALIZED_AUTOS = YES_AGGRESSIVE;
				GCC_WARN_UNUSED_FUNCTION = YES;
				GCC_WARN_UNUSED_VARIABLE = YES;
				IPHONEOS_DEPLOYMENT_TARGET = 18.0;
				LOCALIZATION_PREFERS_STRING_CATALOGS = YES;
				MTL_ENABLE_DEBUG_INFO = NO;
				MTL_FAST_MATH = YES;
				SDKROOT = iphoneos;
				SWIFT_COMPILATION_MODE = wholemodule;
				VALIDATE_PRODUCT = YES;
			};
			name = Release;
		};
		44D123642DA07D7200BFC590 /* Debug */ = {
			isa = XCBuildConfiguration;
			buildSettings = {
				ASSETCATALOG_COMPILER_APPICON_NAME = AppIcon;
				ASSETCATALOG_COMPILER_GLOBAL_ACCENT_COLOR_NAME = AccentColor;
				CODE_SIGN_ENTITLEMENTS = Pooply/Pooply.entitlements;
				CODE_SIGN_STYLE = Automatic;
				CURRENT_PROJECT_VERSION = 2;
				DEVELOPMENT_ASSET_PATHS = "\"Pooply/Preview Content\"";
				DEVELOPMENT_TEAM = KC575847UZ;
				ENABLE_PREVIEWS = YES;
				GENERATE_INFOPLIST_FILE = YES;
				INFOPLIST_FILE = Pooply/Info.plist;
				INFOPLIST_KEY_CFBundleDisplayName = Pooply;
				INFOPLIST_KEY_LSApplicationCategoryType = "public.app-category.healthcare-fitness";
				INFOPLIST_KEY_NSCameraUsageDescription = "Pooply uses your camera to analyze and score your stool for health insights.";
				INFOPLIST_KEY_NSPhotoLibraryUsageDescription = "Pooply needs access to your photo library so you can select images for analysis.";
				INFOPLIST_KEY_UIApplicationSceneManifest_Generation = YES;
				INFOPLIST_KEY_UIApplicationSupportsIndirectInputEvents = YES;
				INFOPLIST_KEY_UILaunchScreen_Generation = YES;
				INFOPLIST_KEY_UISupportedInterfaceOrientations = UIInterfaceOrientationPortrait;
				INFOPLIST_KEY_UISupportedInterfaceOrientations_iPad = "UIInterfaceOrientationLandscapeLeft UIInterfaceOrientationLandscapeRight UIInterfaceOrientationPortrait UIInterfaceOrientationPortraitUpsideDown";
				INFOPLIST_KEY_UIUserInterfaceStyle = Dark;
				IPHONEOS_DEPLOYMENT_TARGET = 18.0;
				LD_RUNPATH_SEARCH_PATHS = (
					"$(inherited)",
					"@executable_path/Frameworks",
				);
				MARKETING_VERSION = 1.0.0;
				PRODUCT_BUNDLE_IDENTIFIER = com.BrandonGrossnickle.Pooply;
				PRODUCT_NAME = "$(TARGET_NAME)";
				SUPPORTED_PLATFORMS = "iphoneos iphonesimulator";
				SUPPORTS_MACCATALYST = NO;
				SUPPORTS_MAC_DESIGNED_FOR_IPHONE_IPAD = NO;
				SUPPORTS_XR_DESIGNED_FOR_IPHONE_IPAD = NO;
				SWIFT_EMIT_LOC_STRINGS = YES;
				SWIFT_VERSION = 5.0;
				TARGETED_DEVICE_FAMILY = 1;
			};
			name = Debug;
		};
		44D123652DA07D7200BFC590 /* Release */ = {
			isa = XCBuildConfiguration;
			buildSettings = {
				ASSETCATALOG_COMPILER_APPICON_NAME = AppIcon;
				ASSETCATALOG_COMPILER_GLOBAL_ACCENT_COLOR_NAME = AccentColor;
				CODE_SIGN_ENTITLEMENTS = Pooply/Pooply.entitlements;
				CODE_SIGN_STYLE = Automatic;
				CURRENT_PROJECT_VERSION = 2;
				DEVELOPMENT_ASSET_PATHS = "\"Pooply/Preview Content\"";
				DEVELOPMENT_TEAM = KC575847UZ;
				ENABLE_PREVIEWS = YES;
				GENERATE_INFOPLIST_FILE = YES;
				INFOPLIST_FILE = Pooply/Info.plist;
				INFOPLIST_KEY_CFBundleDisplayName = Pooply;
				INFOPLIST_KEY_LSApplicationCategoryType = "public.app-category.healthcare-fitness";
				INFOPLIST_KEY_NSCameraUsageDescription = "Pooply uses your camera to analyze and score your stool for health insights.";
				INFOPLIST_KEY_NSPhotoLibraryUsageDescription = "Pooply needs access to your photo library so you can select images for analysis.";
				INFOPLIST_KEY_UIApplicationSceneManifest_Generation = YES;
				INFOPLIST_KEY_UIApplicationSupportsIndirectInputEvents = YES;
				INFOPLIST_KEY_UILaunchScreen_Generation = YES;
				INFOPLIST_KEY_UISupportedInterfaceOrientations = UIInterfaceOrientationPortrait;
				INFOPLIST_KEY_UISupportedInterfaceOrientations_iPad = "UIInterfaceOrientationLandscapeLeft UIInterfaceOrientationLandscapeRight UIInterfaceOrientationPortrait UIInterfaceOrientationPortraitUpsideDown";
				INFOPLIST_KEY_UIUserInterfaceStyle = Dark;
				IPHONEOS_DEPLOYMENT_TARGET = 18.0;
				LD_RUNPATH_SEARCH_PATHS = (
					"$(inherited)",
					"@executable_path/Frameworks",
				);
				MARKETING_VERSION = 1.0.0;
				PRODUCT_BUNDLE_IDENTIFIER = com.BrandonGrossnickle.Pooply;
				PRODUCT_NAME = "$(TARGET_NAME)";
				SUPPORTED_PLATFORMS = "iphoneos iphonesimulator";
				SUPPORTS_MACCATALYST = NO;
				SUPPORTS_MAC_DESIGNED_FOR_IPHONE_IPAD = NO;
				SUPPORTS_XR_DESIGNED_FOR_IPHONE_IPAD = NO;
				SWIFT_EMIT_LOC_STRINGS = YES;
				SWIFT_VERSION = 5.0;
				TARGETED_DEVICE_FAMILY = 1;
			};
			name = Release;
		};
/* End XCBuildConfiguration section */

/* Begin XCConfigurationList section */
		44D123502DA07D6E00BFC590 /* Build configuration list for PBXProject "Pooply" */ = {
			isa = XCConfigurationList;
			buildConfigurations = (
				44D123612DA07D7200BFC590 /* Debug */,
				44D123622DA07D7200BFC590 /* Release */,
			);
			defaultConfigurationIsVisible = 0;
			defaultConfigurationName = Release;
		};
		44D123632DA07D7200BFC590 /* Build configuration list for PBXNativeTarget "Pooply" */ = {
			isa = XCConfigurationList;
			buildConfigurations = (
				44D123642DA07D7200BFC590 /* Debug */,
				44D123652DA07D7200BFC590 /* Release */,
			);
			defaultConfigurationIsVisible = 0;
			defaultConfigurationName = Release;
		};
/* End XCConfigurationList section */

/* Begin XCRemoteSwiftPackageReference section */
		44704F532E7E0ABA0058A421 /* XCRemoteSwiftPackageReference "Alamofire" */ = {
			isa = XCRemoteSwiftPackageReference;
			repositoryURL = "https://github.com/Alamofire/Alamofire.git";
			requirement = {
				kind = upToNextMajorVersion;
				minimumVersion = 5.10.2;
			};
		};
		F0526A002F293D480080043D /* XCRemoteSwiftPackageReference "firebase-ios-sdk" */ = {
			isa = XCRemoteSwiftPackageReference;
			repositoryURL = "https://github.com/firebase/firebase-ios-sdk.git";
			requirement = {
				kind = upToNextMajorVersion;
				minimumVersion = 12.8.0;
			};
		};
		F0E113532F57A3DF00417DD4 /* XCRemoteSwiftPackageReference "purchases-ios-spm" */ = {
			isa = XCRemoteSwiftPackageReference;
			repositoryURL = "https://github.com/RevenueCat/purchases-ios-spm.git";
			requirement = {
				kind = upToNextMajorVersion;
				minimumVersion = 5.60.0;
			};
		};
/* End XCRemoteSwiftPackageReference section */

/* Begin XCSwiftPackageProductDependency section */
		44704F542E7E0ABA0058A421 /* Alamofire */ = {
			isa = XCSwiftPackageProductDependency;
			package = 44704F532E7E0ABA0058A421 /* XCRemoteSwiftPackageReference "Alamofire" */;
			productName = Alamofire;
		};
		44REVCAT000000000000000 /* RevenueCat */ = {
			isa = XCSwiftPackageProductDependency;
			package = F0E113532F57A3DF00417DD4 /* XCRemoteSwiftPackageReference "purchases-ios-spm" */;
			productName = RevenueCat;
		};
		F0526A012F293D480080043D /* FirebaseAnalytics */ = {
			isa = XCSwiftPackageProductDependency;
			package = F0526A002F293D480080043D /* XCRemoteSwiftPackageReference "firebase-ios-sdk" */;
			productName = FirebaseAnalytics;
		};
		F0526A032F293D480080043D /* FirebaseAnalyticsCore */ = {
			isa = XCSwiftPackageProductDependency;
			package = F0526A002F293D480080043D /* XCRemoteSwiftPackageReference "firebase-ios-sdk" */;
			productName = FirebaseAnalyticsCore;
		};
		F0526A052F293D480080043D /* FirebaseAnalyticsIdentitySupport */ = {
			isa = XCSwiftPackageProductDependency;
			package = F0526A002F293D480080043D /* XCRemoteSwiftPackageReference "firebase-ios-sdk" */;
			productName = FirebaseAnalyticsIdentitySupport;
		};
		F0526A072F293D480080043D /* FirebaseAppCheck */ = {
			isa = XCSwiftPackageProductDependency;
			package = F0526A002F293D480080043D /* XCRemoteSwiftPackageReference "firebase-ios-sdk" */;
			productName = FirebaseAppCheck;
		};
		F0526A092F293D480080043D /* FirebaseAppDistribution-Beta */ = {
			isa = XCSwiftPackageProductDependency;
			package = F0526A002F293D480080043D /* XCRemoteSwiftPackageReference "firebase-ios-sdk" */;
			productName = "FirebaseAppDistribution-Beta";
		};
		F0526A0B2F293D480080043D /* FirebaseAuth */ = {
			isa = XCSwiftPackageProductDependency;
			package = F0526A002F293D480080043D /* XCRemoteSwiftPackageReference "firebase-ios-sdk" */;
			productName = FirebaseAuth;
		};
		F0526A0D2F293D480080043D /* FirebaseAuthCombine-Community */ = {
			isa = XCSwiftPackageProductDependency;
			package = F0526A002F293D480080043D /* XCRemoteSwiftPackageReference "firebase-ios-sdk" */;
			productName = "FirebaseAuthCombine-Community";
		};
		F0526A0F2F293D480080043D /* FirebaseFirestore */ = {
			isa = XCSwiftPackageProductDependency;
			package = F0526A002F293D480080043D /* XCRemoteSwiftPackageReference "firebase-ios-sdk" */;
			productName = FirebaseFirestore;
		};
		F0526A112F293D480080043D /* FirebaseFirestoreCombine-Community */ = {
			isa = XCSwiftPackageProductDependency;
			package = F0526A002F293D480080043D /* XCRemoteSwiftPackageReference "firebase-ios-sdk" */;
			productName = "FirebaseFirestoreCombine-Community";
		};
		F0526A132F293D480080043D /* FirebaseFunctions */ = {
			isa = XCSwiftPackageProductDependency;
			package = F0526A002F293D480080043D /* XCRemoteSwiftPackageReference "firebase-ios-sdk" */;
			productName = FirebaseFunctions;
		};
		F0526A152F293D480080043D /* FirebaseFunctionsCombine-Community */ = {
			isa = XCSwiftPackageProductDependency;
			package = F0526A002F293D480080043D /* XCRemoteSwiftPackageReference "firebase-ios-sdk" */;
			productName = "FirebaseFunctionsCombine-Community";
		};
		F0526A172F293D480080043D /* FirebaseMessaging */ = {
			isa = XCSwiftPackageProductDependency;
			package = F0526A002F293D480080043D /* XCRemoteSwiftPackageReference "firebase-ios-sdk" */;
			productName = FirebaseMessaging;
		};
		F0526A192F293D480080043D /* FirebaseStorage */ = {
			isa = XCSwiftPackageProductDependency;
			package = F0526A002F293D480080043D /* XCRemoteSwiftPackageReference "firebase-ios-sdk" */;
			productName = FirebaseStorage;
		};
		F0526A1B2F293D480080043D /* FirebaseStorageCombine-Community */ = {
			isa = XCSwiftPackageProductDependency;
			package = F0526A002F293D480080043D /* XCRemoteSwiftPackageReference "firebase-ios-sdk" */;
			productName = "FirebaseStorageCombine-Community";
		};
/* End XCSwiftPackageProductDependency section */
	};
	rootObject = 44D1234D2DA07D6E00BFC590 /* Project object */;
}
